
Microsoft Visual Studio Solution File, Format Version 12.00
# Visual Studio 15
VisualStudioVersion = 15.0.26430.12
MinimumVisualStudioVersion = 10.0.40219.1
Project("{FAE04EC0-301F-11D3-BF4B-00C04F79EFBC}") = "AdlaAuthSamples", "AdlaAuthSamples\AdlaAuthSamples.csproj", "{3F548D3D-80DC-4199-A624-E73BF4103527}"
EndProject
Global
	GlobalSection(SolutionConfigurationPlatforms) = preSolution
		Debug|Any CPU = Debug|Any CPU
		Release|Any CPU = Release|Any CPU
	EndGlobalSection
	GlobalSection(ProjectConfigurationPlatforms) = postSolution
		{3F548D3D-80DC-4199-A624-E73BF4103527}.Debug|Any CPU.ActiveCfg = Debug|Any CPU
		{3F548D3D-80DC-4199-A624-E73BF4103527}.Debug|Any CPU.Build.0 = Debug|Any CPU
		{3F548D3D-80DC-4199-A624-E73BF4103527}.Release|Any CPU.ActiveCfg = Release|Any CPU
		{3F548D3D-80DC-4199-A624-E73BF4103527}.Release|Any CPU.Build.0 = Release|Any CPU
	EndGlobalSection
	GlobalSection(SolutionProperties) = preSolution
		HideSolutionNode = FALSE
	EndGlobalSection
EndGlobal
